
Microsoft Visual Studio Solution File, Format Version 12.00
# Visual Studio Version 17
VisualStudioVersion = 17.12.35728.132
MinimumVisualStudioVersion = 10.0.40219.1
Project("{FAE04EC0-301F-11D3-BF4B-00C04F79EFBC}") = "LabApi.SourceGenerators", "..\LabAPI-1.1.0\LabAPI-1.1.0\LabApi.SourceGenerators\LabApi.SourceGenerators\LabApi.SourceGenerators.csproj", "{A77A1A09-0FD6-46B6-9168-89CC2A996DD3}"
EndProject
Project("{FAE04EC0-301F-11D3-BF4B-00C04F79EFBC}") = "LabApi", "..\LabAPI-1.1.0\LabAPI-1.1.0\LabApi\LabApi.csproj", "{E921B2F0-FE22-4BFF-89B9-6846400F8172}"
EndProject
Global
	GlobalSection(SolutionConfigurationPlatforms) = preSolution
		Debug|Any CPU = Debug|Any CPU
		Release|Any CPU = Release|Any CPU
	EndGlobalSection
	GlobalSection(ProjectConfigurationPlatforms) = postSolution
		{52725EBC-1FD2-41EF-BE55-F5C18BA7C8DD}.Debug|Any CPU.ActiveCfg = Debug|Any CPU
		{52725EBC-1FD2-41EF-BE55-F5C18BA7C8DD}.Debug|Any CPU.Build.0 = Debug|Any CPU
		{52725EBC-1FD2-41EF-BE55-F5C18BA7C8DD}.Release|Any CPU.ActiveCfg = Release|Any CPU
		{52725EBC-1FD2-41EF-BE55-F5C18BA7C8DD}.Release|Any CPU.Build.0 = Release|Any CPU
		{A77A1A09-0FD6-46B6-9168-89CC2A996DD3}.Debug|Any CPU.ActiveCfg = Debug|Any CPU
		{A77A1A09-0FD6-46B6-9168-89CC2A996DD3}.Debug|Any CPU.Build.0 = Debug|Any CPU
		{A77A1A09-0FD6-46B6-9168-89CC2A996DD3}.Release|Any CPU.ActiveCfg = Release|Any CPU
		{A77A1A09-0FD6-46B6-9168-89CC2A996DD3}.Release|Any CPU.Build.0 = Release|Any CPU
		{E921B2F0-FE22-4BFF-89B9-6846400F8172}.Debug|Any CPU.ActiveCfg = Debug|Any CPU
		{E921B2F0-FE22-4BFF-89B9-6846400F8172}.Debug|Any CPU.Build.0 = Debug|Any CPU
		{E921B2F0-FE22-4BFF-89B9-6846400F8172}.Release|Any CPU.ActiveCfg = Release|Any CPU
		{E921B2F0-FE22-4BFF-89B9-6846400F8172}.Release|Any CPU.Build.0 = Release|Any CPU
	EndGlobalSection
	GlobalSection(SolutionProperties) = preSolution
		HideSolutionNode = FALSE
	EndGlobalSection
EndGlobal
